{
  "version": 4,
  "terraform_version": "1.5.7",
  "serial": 7,
  "lineage": "90a9d31b-11e2-5a01-9b5e-4b3c442ac1c2",
  "outputs": {},
  "resources": [
    {
      "module": "module.gke_cluster",
      "mode": "managed",
      "type": "google_container_cluster",
      "name": "this",
      "provider": "module.gke_cluster.provider[\"registry.terraform.io/hashicorp/google\"]",
      "instances": [
        {
          "schema_version": 1,
          "attributes": {
            "addons_config": [
              {
                "cloudrun_config": [],
                "config_connector_config": [],
                "dns_cache_config": [],
                "gce_persistent_disk_csi_driver_config": [
                  {
                    "enabled": true
                  }
                ],
                "gcp_filestore_csi_driver_config": [],
                "gke_backup_agent_config": [],
                "horizontal_pod_autoscaling": [],
                "http_load_balancing": [],
                "network_policy_config": [
                  {
                    "disabled": true
                  }
                ]
              }
            ],
            "authenticator_groups_config": [],
            "binary_authorization": [
              {
                "enabled": false,
                "evaluation_mode": ""
              }
            ],
            "cluster_autoscaling": [
              {
                "auto_provisioning_defaults": [],
                "enabled": false,
                "resource_limits": []
              }
            ],
            "cluster_ipv4_cidr": "10.0.0.0/14",
            "confidential_nodes": [],
            "cost_management_config": [],
            "database_encryption": [
              {
                "key_name": "",
                "state": "DECRYPTED"
              }
            ],
            "datapath_provider": "",
            "default_max_pods_per_node": null,
            "default_snat_status": [
              {
                "disabled": false
              }
            ],
            "description": "",
            "dns_config": [],
            "enable_autopilot": false,
            "enable_binary_authorization": false,
            "enable_intranode_visibility": false,
            "enable_kubernetes_alpha": false,
            "enable_l4_ilb_subsetting": false,
            "enable_legacy_abac": false,
            "enable_shielded_nodes": true,
            "enable_tpu": false,
            "endpoint": "34.72.169.36",
            "gateway_api_config": [],
            "id": "projects/perceptive-bay-209210/locations/us-central1-c/clusters/main",
            "initial_node_count": 1,
            "ip_allocation_policy": [],
            "label_fingerprint": "a9dc16a7",
            "location": "us-central1-c",
            "logging_config": [
              {
                "enable_components": [
                  "SYSTEM_COMPONENTS",
                  "WORKLOADS"
                ]
              }
            ],
            "logging_service": "logging.googleapis.com/kubernetes",
            "maintenance_policy": [],
            "master_auth": [
              {
                "client_certificate": "",
                "client_certificate_config": [
                  {
                    "issue_client_certificate": false
                  }
                ],
                "client_key": "",
                "cluster_ca_certificate": "LS0tLS1CRUdJTiBDRVJUSUZJQ0FURS0tLS0tCk1JSUVMRENDQXBTZ0F3SUJBZ0lRQjFWR1pNV2lBb2YvTGFkR1FrNlJJREFOQmdrcWhraUc5dzBCQVFzRkFEQXYKTVMwd0t3WURWUVFERXlRMU16SXlNR1V3WXkxa01ESXhMVFF3TldVdE9EUTBaQzB5WXpVeU1HRTJaVEF4WkRBdwpJQmNOTWpRd05URXlNRFEwT0RVMldoZ1BNakExTkRBMU1EVXdOVFE0TlRaYU1DOHhMVEFyQmdOVkJBTVRKRFV6Ck1qSXdaVEJqTFdRd01qRXROREExWlMwNE5EUmtMVEpqTlRJd1lUWmxNREZrTURDQ0FhSXdEUVlKS29aSWh2Y04KQVFFQkJRQURnZ0dQQURDQ0FZb0NnZ0dCQU1rVytIRDQ1WHZnR3Z0QlNFSHpxcHhMcXdNYks0R3MrL2xmVU9xNQpuT1pZN0tUVzNXVTY4eTlrUTFSVlJEZGl2U0s0cjNCVGc5dlFuV3V3TmNjZVZNb25ERUdteUk3SmkxZTdZZEhmClZ6cTh3VlNjT0hLTUpIMEpGWEJTbEJhL2o4QTRkVE41MjZ1VWUvU25rSGVtMHcyZGZIeVhwWHVOR2FqaDhrZlIKQ3pPVDNOMUlTdW05K3JJWTh3L0lISDBNdXYzeXNyeHNTQTl4eWg2bGxQNTluVkhvWGNDYlI1WVdSck9ld1Z2UQoxU2ZLeXAxYWsyWkNJRWdNTnNwYVRIY1FXaHY1QWI1cnNYMGNPNEU1VDI1YjJ0YUlRVThTbHVOSFlmaC9SbFR4Ck96azVSK2R1ejF5MDc2Qmc1b20zeEhQR3pMcFI3cnBiMHV2Y2JOUVJld2x0b1lISm9wKzZaSEdLYXMwbFAwYjIKZ0YzcThDWXcxMW40V0NlanF5ODBuWE9uZzdwWHI4cDZaTWFWY0ozYVBpV2lHam1ONFM2RXFzYktBRTlhVVpWZwpZdjBnN2g1T2Qwdm9nZ0NneWlpY05MVXFvT00yZVBmU0RsVXJYOHg5NmtPTlBnanVwdWVxSnpNcEF2WVZaN1BEClZONnZ0UG9OV0lML3FndUV3djBxRmdOMXNRSURBUUFCbzBJd1FEQU9CZ05WSFE4QkFmOEVCQU1DQWdRd0R3WUQKVlIwVEFRSC9CQVV3QXdFQi96QWRCZ05WSFE0RUZnUVV1aEkzY1RwaEFrcVZOWnpWK2hVWkQrd3k1Z013RFFZSgpLb1pJaHZjTkFRRUxCUUFEZ2dHQkFHTTFZRi9PWGpUNkZ5YTN4ZnFiZkxHUWJ0K3Z0dDJwZzBYMnJacEtLV1FuCnRoZjFRNDhacDVvTUx4dDgza1g4cTBZU3pGWDRINFAyaFZ5azZLNTJEOWFBbkpLeVRqalZ1ZDVIY3M5bEpmNVAKamlCUWFWWlVJdkxvZzFSbytMM05xSm54TzQ0OGNGVGlZTy8zd3ROSUtQNzAvOHRhYnlpN2hWZzJUeU81eElQQwo3MWJoVzRNL1BYQ3dWVXZtRWMxQzc3M211S3lQMzN3dXFoWTM5NWVpSGN3SytHL09IL1gwa3pPZS8rb2NTYWc3CkYvdk5aN0c3Q3RzbDBBTjRJUFQ5cmtrek5vZlFkMXVST2pyeDkrUTZWSFN0cGU4Y2hmZS9ZSCswYXMrb09zT08KZDlDZ1lYajdiVWhYcWZCampsTnYzeFF4REdTV3VtRmZ5dGEwOU5STzRPbU5Qa3lGZjMvSGt6RmlSd05rVUxMeApiS0pIbTVYZENiMW1lMDg4MWlnNmx2Mlg1MWpCSzRkajZ5MUljaVh0UXBhR2NlM3BDR29sVDJRMTVaTnBKWWo0CkI4YVRCWGs0R1J4NDBrdXE2R1daanRRU2VFalBFVmY5LzZ0WFVyUFZ0TVhGS1VnYnZMUXVpUUFWdVRsMFYxWm4KeFRYS3Nlb245TEZnOVYvbFhxckFBdz09Ci0tLS0tRU5EIENFUlRJRklDQVRFLS0tLS0K"
              }
            ],
            "master_authorized_networks_config": [],
            "master_version": "1.28.7-gke.1026000",
            "mesh_certificates": [],
            "min_master_version": null,
            "monitoring_config": [
              {
                "enable_components": [
                  "SYSTEM_COMPONENTS"
                ],
                "managed_prometheus": [
                  {
                    "enabled": true
                  }
                ]
              }
            ],
            "monitoring_service": "monitoring.googleapis.com/kubernetes",
            "name": "main",
            "network": "projects/perceptive-bay-209210/global/networks/default",
            "network_policy": [
              {
                "enabled": false,
                "provider": "PROVIDER_UNSPECIFIED"
              }
            ],
            "networking_mode": "ROUTES",
            "node_config": [],
            "node_locations": [],
            "node_pool": [],
            "node_pool_defaults": [
              {
                "node_config_defaults": [
                  {
                    "logging_variant": "DEFAULT"
                  }
                ]
              }
            ],
            "node_version": "1.28.7-gke.1026000",
            "notification_config": [
              {
                "pubsub": [
                  {
                    "enabled": false,
                    "filter": [],
                    "topic": ""
                  }
                ]
              }
            ],
            "operation": null,
            "private_cluster_config": [
              {
                "enable_private_endpoint": false,
                "enable_private_nodes": false,
                "master_global_access_config": [
                  {
                    "enabled": false
                  }
                ],
                "master_ipv4_cidr_block": "",
                "peering_name": "",
                "private_endpoint": "10.128.0.11",
                "private_endpoint_subnetwork": "",
                "public_endpoint": "34.72.169.36"
              }
            ],
            "private_ipv6_google_access": "",
            "project": "perceptive-bay-209210",
            "release_channel": [
              {
                "channel": "REGULAR"
              }
            ],
            "remove_default_node_pool": true,
            "resource_labels": null,
            "resource_usage_export_config": [],
            "self_link": "https://container.googleapis.com/v1/projects/perceptive-bay-209210/zones/us-central1-c/clusters/main",
            "service_external_ips_config": [
              {
                "enabled": false
              }
            ],
            "services_ipv4_cidr": "10.3.240.0/20",
            "subnetwork": "projects/perceptive-bay-209210/regions/us-central1/subnetworks/default",
            "timeouts": null,
            "tpu_ipv4_cidr_block": "",
            "vertical_pod_autoscaling": [],
            "workload_identity_config": [
              {
                "workload_pool": "perceptive-bay-209210.svc.id.goog"
              }
            ]
          },
          "sensitive_attributes": [],
          "private": "eyJlMmJmYjczMC1lY2FhLTExZTYtOGY4OC0zNDM2M2JjN2M0YzAiOnsiY3JlYXRlIjoyNDAwMDAwMDAwMDAwLCJkZWxldGUiOjI0MDAwMDAwMDAwMDAsInJlYWQiOjI0MDAwMDAwMDAwMDAsInVwZGF0ZSI6MzYwMDAwMDAwMDAwMH0sInNjaGVtYV92ZXJzaW9uIjoiMSJ9"
        }
      ]
    },
    {
      "module": "module.gke_cluster",
      "mode": "managed",
      "type": "google_container_node_pool",
      "name": "this",
      "provider": "module.gke_cluster.provider[\"registry.terraform.io/hashicorp/google\"]",
      "instances": [
        {
          "schema_version": 1,
          "attributes": {
            "autoscaling": [],
            "cluster": "main",
            "id": "projects/perceptive-bay-209210/locations/us-central1-c/clusters/main/nodePools/main",
            "initial_node_count": 2,
            "instance_group_urls": [
              "https://www.googleapis.com/compute/v1/projects/perceptive-bay-209210/zones/us-central1-c/instanceGroupManagers/gke-main-main-93348bc0-grp"
            ],
            "location": "us-central1-c",
            "managed_instance_group_urls": [
              "https://www.googleapis.com/compute/v1/projects/perceptive-bay-209210/zones/us-central1-c/instanceGroups/gke-main-main-93348bc0-grp"
            ],
            "management": [
              {
                "auto_repair": true,
                "auto_upgrade": true
              }
            ],
            "max_pods_per_node": null,
            "name": "main",
            "name_prefix": "",
            "network_config": [
              {
                "create_pod_range": false,
                "enable_private_nodes": false,
                "pod_ipv4_cidr_block": "",
                "pod_range": ""
              }
            ],
            "node_config": [
              {
                "boot_disk_kms_key": "",
                "disk_size_gb": 100,
                "disk_type": "pd-balanced",
                "gcfs_config": [],
                "guest_accelerator": [],
                "gvnic": [],
                "image_type": "COS_CONTAINERD",
                "kubelet_config": [],
                "labels": {},
                "linux_node_config": [],
                "local_ssd_count": 0,
                "logging_variant": "DEFAULT",
                "machine_type": "g1-small",
                "metadata": {
                  "disable-legacy-endpoints": "true"
                },
                "min_cpu_platform": "",
                "node_group": "",
                "oauth_scopes": [
                  "https://www.googleapis.com/auth/devstorage.read_only",
                  "https://www.googleapis.com/auth/logging.write",
                  "https://www.googleapis.com/auth/monitoring",
                  "https://www.googleapis.com/auth/service.management.readonly",
                  "https://www.googleapis.com/auth/servicecontrol",
                  "https://www.googleapis.com/auth/trace.append"
                ],
                "preemptible": false,
                "reservation_affinity": [],
                "resource_labels": null,
                "service_account": "default",
                "shielded_instance_config": [
                  {
                    "enable_integrity_monitoring": true,
                    "enable_secure_boot": false
                  }
                ],
                "spot": false,
                "tags": null,
                "taint": [],
                "workload_metadata_config": [
                  {
                    "mode": "GKE_METADATA"
                  }
                ]
              }
            ],
            "node_count": 2,
            "node_locations": [
              "us-central1-c"
            ],
            "operation": null,
            "placement_policy": [],
            "project": "perceptive-bay-209210",
            "timeouts": null,
            "upgrade_settings": [
              {
                "blue_green_settings": [],
                "max_surge": 1,
                "max_unavailable": 0,
                "strategy": "SURGE"
              }
            ],
            "version": "1.28.7-gke.1026000"
          },
          "sensitive_attributes": [],
          "private": "eyJlMmJmYjczMC1lY2FhLTExZTYtOGY4OC0zNDM2M2JjN2M0YzAiOnsiY3JlYXRlIjoxODAwMDAwMDAwMDAwLCJkZWxldGUiOjE4MDAwMDAwMDAwMDAsInVwZGF0ZSI6MTgwMDAwMDAwMDAwMH0sInNjaGVtYV92ZXJzaW9uIjoiMSJ9",
          "dependencies": [
            "module.gke_cluster.google_container_cluster.this"
          ]
        }
      ]
    },
    {
      "module": "module.gke_cluster",
      "mode": "managed",
      "type": "local_file",
      "name": "kubeconfig",
      "provider": "provider[\"registry.terraform.io/hashicorp/local\"]",
      "instances": [
        {
          "schema_version": 0,
          "attributes": {
            "content": "apiVersion: v1\nclusters:\n- cluster:\n    certificate-authority-data: LS0tLS1CRUdJTiBDRVJUSUZJQ0FURS0tLS0tCk1JSUVMRENDQXBTZ0F3SUJBZ0lRQjFWR1pNV2lBb2YvTGFkR1FrNlJJREFOQmdrcWhraUc5dzBCQVFzRkFEQXYKTVMwd0t3WURWUVFERXlRMU16SXlNR1V3WXkxa01ESXhMVFF3TldVdE9EUTBaQzB5WXpVeU1HRTJaVEF4WkRBdwpJQmNOTWpRd05URXlNRFEwT0RVMldoZ1BNakExTkRBMU1EVXdOVFE0TlRaYU1DOHhMVEFyQmdOVkJBTVRKRFV6Ck1qSXdaVEJqTFdRd01qRXROREExWlMwNE5EUmtMVEpqTlRJd1lUWmxNREZrTURDQ0FhSXdEUVlKS29aSWh2Y04KQVFFQkJRQURnZ0dQQURDQ0FZb0NnZ0dCQU1rVytIRDQ1WHZnR3Z0QlNFSHpxcHhMcXdNYks0R3MrL2xmVU9xNQpuT1pZN0tUVzNXVTY4eTlrUTFSVlJEZGl2U0s0cjNCVGc5dlFuV3V3TmNjZVZNb25ERUdteUk3SmkxZTdZZEhmClZ6cTh3VlNjT0hLTUpIMEpGWEJTbEJhL2o4QTRkVE41MjZ1VWUvU25rSGVtMHcyZGZIeVhwWHVOR2FqaDhrZlIKQ3pPVDNOMUlTdW05K3JJWTh3L0lISDBNdXYzeXNyeHNTQTl4eWg2bGxQNTluVkhvWGNDYlI1WVdSck9ld1Z2UQoxU2ZLeXAxYWsyWkNJRWdNTnNwYVRIY1FXaHY1QWI1cnNYMGNPNEU1VDI1YjJ0YUlRVThTbHVOSFlmaC9SbFR4Ck96azVSK2R1ejF5MDc2Qmc1b20zeEhQR3pMcFI3cnBiMHV2Y2JOUVJld2x0b1lISm9wKzZaSEdLYXMwbFAwYjIKZ0YzcThDWXcxMW40V0NlanF5ODBuWE9uZzdwWHI4cDZaTWFWY0ozYVBpV2lHam1ONFM2RXFzYktBRTlhVVpWZwpZdjBnN2g1T2Qwdm9nZ0NneWlpY05MVXFvT00yZVBmU0RsVXJYOHg5NmtPTlBnanVwdWVxSnpNcEF2WVZaN1BEClZONnZ0UG9OV0lML3FndUV3djBxRmdOMXNRSURBUUFCbzBJd1FEQU9CZ05WSFE4QkFmOEVCQU1DQWdRd0R3WUQKVlIwVEFRSC9CQVV3QXdFQi96QWRCZ05WSFE0RUZnUVV1aEkzY1RwaEFrcVZOWnpWK2hVWkQrd3k1Z013RFFZSgpLb1pJaHZjTkFRRUxCUUFEZ2dHQkFHTTFZRi9PWGpUNkZ5YTN4ZnFiZkxHUWJ0K3Z0dDJwZzBYMnJacEtLV1FuCnRoZjFRNDhacDVvTUx4dDgza1g4cTBZU3pGWDRINFAyaFZ5azZLNTJEOWFBbkpLeVRqalZ1ZDVIY3M5bEpmNVAKamlCUWFWWlVJdkxvZzFSbytMM05xSm54TzQ0OGNGVGlZTy8zd3ROSUtQNzAvOHRhYnlpN2hWZzJUeU81eElQQwo3MWJoVzRNL1BYQ3dWVXZtRWMxQzc3M211S3lQMzN3dXFoWTM5NWVpSGN3SytHL09IL1gwa3pPZS8rb2NTYWc3CkYvdk5aN0c3Q3RzbDBBTjRJUFQ5cmtrek5vZlFkMXVST2pyeDkrUTZWSFN0cGU4Y2hmZS9ZSCswYXMrb09zT08KZDlDZ1lYajdiVWhYcWZCampsTnYzeFF4REdTV3VtRmZ5dGEwOU5STzRPbU5Qa3lGZjMvSGt6RmlSd05rVUxMeApiS0pIbTVYZENiMW1lMDg4MWlnNmx2Mlg1MWpCSzRkajZ5MUljaVh0UXBhR2NlM3BDR29sVDJRMTVaTnBKWWo0CkI4YVRCWGs0R1J4NDBrdXE2R1daanRRU2VFalBFVmY5LzZ0WFVyUFZ0TVhGS1VnYnZMUXVpUUFWdVRsMFYxWm4KeFRYS3Nlb245TEZnOVYvbFhxckFBdz09Ci0tLS0tRU5EIENFUlRJRklDQVRFLS0tLS0K\n    server: https://34.72.169.36\n  name: main\ncontexts:\n- context:\n    cluster: main\n    user: main\n  name: main\ncurrent-context: main\nkind: Config\npreferences: {}\nusers:\n- name: main\n  user:\n    token: ya29.a0AXooCgule9fxYWgZmIIyjxbIELp0MPIyHKpY4oR0My-r2Fl-uh0uwPZzaP_vAreRutmdoW2eDGdsU42qodQGCiQxDJ1rxt7bwBAO71EEVV_7Bpq8oJLaGg1FEIfvtIEJIEJbLImZd4vTl-c076EhtDjqA4U35PMwQre4ndRtNeI8mox58_VytLynkJmUpE89SawTgoqVdTgPN5KwUnJWnlDTHXPsa9bi6Y5xlBw6zEO_QMcoPUXlrAblxGZ24Hvy9FsDWgJ-msnkMeG6zhGSbB7yXUuwdJqMGJsS6Jq1fD7Jkc8lpreVFfYpfAWwXzRcK_VCNpHde4qbiPWKb0gdICOGtEp2vcL87GnQgwEbaL1wJlMEOzEFgWZ5kM7yGKEpFhJwNNQSm7Lmwkrwxc9-ZlX1_RjU_HX6VgaCgYKASoSARISFQHGX2MixhK67eKM488dm148gQFr8g0425\n",
            "content_base64": null,
            "content_base64sha256": "6ZommhTZBypJA4ezhmXczaqlIXjRMkFmK7uZOlveioQ=",
            "content_base64sha512": "VZZFIAeKlUDRmeyKypJ0Xd6fFbuXwgjC7eY0lnL0tDOUd/e8KDxSQ+7sq96kx1j04C7gAl7sdTDXlKXUA5TcIQ==",
            "content_md5": "cee41229e3e4fe580ee8966edb593ef3",
            "content_sha1": "90efb8c5477ab8854ae6146736b1d1ca289d26a7",
            "content_sha256": "e99a269a14d9072a490387b38665dccdaaa52178d13241662bbb993a5bde8a84",
            "content_sha512": "55964520078a9540d199ec8aca92745dde9f15bb97c208c2ede6349672f4b4339477f7bc283c5243eeecabdea4c758f4e02ee0025eec7530d794a5d40394dc21",
            "directory_permission": "0777",
            "file_permission": "0400",
            "filename": ".terraform/modules/gke_cluster/kubeconfig",
            "id": "90efb8c5477ab8854ae6146736b1d1ca289d26a7",
            "sensitive_content": null,
            "source": null
          },
          "sensitive_attributes": [
            [
              {
                "type": "get_attr",
                "value": "content"
              }
            ]
          ],
          "dependencies": [
            "module.gke_cluster.google_container_cluster.this",
            "module.gke_cluster.module.gke_auth.data.google_client_config.provider",
            "module.gke_cluster.module.gke_auth.data.google_container_cluster.gke_cluster"
          ]
        }
      ]
    },
    {
      "module": "module.gke_cluster.module.gke_auth",
      "mode": "data",
      "type": "google_client_config",
      "name": "provider",
      "provider": "module.gke_cluster.provider[\"registry.terraform.io/hashicorp/google\"]",
      "instances": [
        {
          "schema_version": 0,
          "attributes": {
            "access_token": "ya29.a0AXooCgule9fxYWgZmIIyjxbIELp0MPIyHKpY4oR0My-r2Fl-uh0uwPZzaP_vAreRutmdoW2eDGdsU42qodQGCiQxDJ1rxt7bwBAO71EEVV_7Bpq8oJLaGg1FEIfvtIEJIEJbLImZd4vTl-c076EhtDjqA4U35PMwQre4ndRtNeI8mox58_VytLynkJmUpE89SawTgoqVdTgPN5KwUnJWnlDTHXPsa9bi6Y5xlBw6zEO_QMcoPUXlrAblxGZ24Hvy9FsDWgJ-msnkMeG6zhGSbB7yXUuwdJqMGJsS6Jq1fD7Jkc8lpreVFfYpfAWwXzRcK_VCNpHde4qbiPWKb0gdICOGtEp2vcL87GnQgwEbaL1wJlMEOzEFgWZ5kM7yGKEpFhJwNNQSm7Lmwkrwxc9-ZlX1_RjU_HX6VgaCgYKASoSARISFQHGX2MixhK67eKM488dm148gQFr8g0425",
            "id": "projects/perceptive-bay-209210/regions/us-central1-c/zones/",
            "project": "perceptive-bay-209210",
            "region": "us-central1-c",
            "zone": ""
          },
          "sensitive_attributes": []
        }
      ]
    },
    {
      "module": "module.gke_cluster.module.gke_auth",
      "mode": "data",
      "type": "google_container_cluster",
      "name": "gke_cluster",
      "provider": "module.gke_cluster.provider[\"registry.terraform.io/hashicorp/google\"]",
      "instances": [
        {
          "schema_version": 0,
          "attributes": {
            "addons_config": [
              {
                "cloudrun_config": [],
                "config_connector_config": [],
                "dns_cache_config": [],
                "gce_persistent_disk_csi_driver_config": [
                  {
                    "enabled": true
                  }
                ],
                "gcp_filestore_csi_driver_config": [],
                "gke_backup_agent_config": [],
                "horizontal_pod_autoscaling": [],
                "http_load_balancing": [],
                "network_policy_config": [
                  {
                    "disabled": true
                  }
                ]
              }
            ],
            "authenticator_groups_config": [],
            "binary_authorization": [
              {
                "enabled": false,
                "evaluation_mode": ""
              }
            ],
            "cluster_autoscaling": [
              {
                "auto_provisioning_defaults": [],
                "enabled": false,
                "resource_limits": []
              }
            ],
            "cluster_ipv4_cidr": "10.0.0.0/14",
            "confidential_nodes": [],
            "cost_management_config": [],
            "database_encryption": [
              {
                "key_name": "",
                "state": "DECRYPTED"
              }
            ],
            "datapath_provider": "",
            "default_max_pods_per_node": null,
            "default_snat_status": [
              {
                "disabled": false
              }
            ],
            "description": "",
            "dns_config": [],
            "enable_autopilot": false,
            "enable_binary_authorization": false,
            "enable_intranode_visibility": false,
            "enable_kubernetes_alpha": false,
            "enable_l4_ilb_subsetting": false,
            "enable_legacy_abac": false,
            "enable_shielded_nodes": true,
            "enable_tpu": false,
            "endpoint": "34.72.169.36",
            "gateway_api_config": [],
            "id": "projects/perceptive-bay-209210/locations/us-central1-c/clusters/main",
            "initial_node_count": 1,
            "ip_allocation_policy": [],
            "label_fingerprint": "a9dc16a7",
            "location": "us-central1-c",
            "logging_config": [
              {
                "enable_components": [
                  "SYSTEM_COMPONENTS",
                  "WORKLOADS"
                ]
              }
            ],
            "logging_service": "logging.googleapis.com/kubernetes",
            "maintenance_policy": [],
            "master_auth": [
              {
                "client_certificate": "",
                "client_certificate_config": [
                  {
                    "issue_client_certificate": false
                  }
                ],
                "client_key": "",
                "cluster_ca_certificate": "LS0tLS1CRUdJTiBDRVJUSUZJQ0FURS0tLS0tCk1JSUVMRENDQXBTZ0F3SUJBZ0lRQjFWR1pNV2lBb2YvTGFkR1FrNlJJREFOQmdrcWhraUc5dzBCQVFzRkFEQXYKTVMwd0t3WURWUVFERXlRMU16SXlNR1V3WXkxa01ESXhMVFF3TldVdE9EUTBaQzB5WXpVeU1HRTJaVEF4WkRBdwpJQmNOTWpRd05URXlNRFEwT0RVMldoZ1BNakExTkRBMU1EVXdOVFE0TlRaYU1DOHhMVEFyQmdOVkJBTVRKRFV6Ck1qSXdaVEJqTFdRd01qRXROREExWlMwNE5EUmtMVEpqTlRJd1lUWmxNREZrTURDQ0FhSXdEUVlKS29aSWh2Y04KQVFFQkJRQURnZ0dQQURDQ0FZb0NnZ0dCQU1rVytIRDQ1WHZnR3Z0QlNFSHpxcHhMcXdNYks0R3MrL2xmVU9xNQpuT1pZN0tUVzNXVTY4eTlrUTFSVlJEZGl2U0s0cjNCVGc5dlFuV3V3TmNjZVZNb25ERUdteUk3SmkxZTdZZEhmClZ6cTh3VlNjT0hLTUpIMEpGWEJTbEJhL2o4QTRkVE41MjZ1VWUvU25rSGVtMHcyZGZIeVhwWHVOR2FqaDhrZlIKQ3pPVDNOMUlTdW05K3JJWTh3L0lISDBNdXYzeXNyeHNTQTl4eWg2bGxQNTluVkhvWGNDYlI1WVdSck9ld1Z2UQoxU2ZLeXAxYWsyWkNJRWdNTnNwYVRIY1FXaHY1QWI1cnNYMGNPNEU1VDI1YjJ0YUlRVThTbHVOSFlmaC9SbFR4Ck96azVSK2R1ejF5MDc2Qmc1b20zeEhQR3pMcFI3cnBiMHV2Y2JOUVJld2x0b1lISm9wKzZaSEdLYXMwbFAwYjIKZ0YzcThDWXcxMW40V0NlanF5ODBuWE9uZzdwWHI4cDZaTWFWY0ozYVBpV2lHam1ONFM2RXFzYktBRTlhVVpWZwpZdjBnN2g1T2Qwdm9nZ0NneWlpY05MVXFvT00yZVBmU0RsVXJYOHg5NmtPTlBnanVwdWVxSnpNcEF2WVZaN1BEClZONnZ0UG9OV0lML3FndUV3djBxRmdOMXNRSURBUUFCbzBJd1FEQU9CZ05WSFE4QkFmOEVCQU1DQWdRd0R3WUQKVlIwVEFRSC9CQVV3QXdFQi96QWRCZ05WSFE0RUZnUVV1aEkzY1RwaEFrcVZOWnpWK2hVWkQrd3k1Z013RFFZSgpLb1pJaHZjTkFRRUxCUUFEZ2dHQkFHTTFZRi9PWGpUNkZ5YTN4ZnFiZkxHUWJ0K3Z0dDJwZzBYMnJacEtLV1FuCnRoZjFRNDhacDVvTUx4dDgza1g4cTBZU3pGWDRINFAyaFZ5azZLNTJEOWFBbkpLeVRqalZ1ZDVIY3M5bEpmNVAKamlCUWFWWlVJdkxvZzFSbytMM05xSm54TzQ0OGNGVGlZTy8zd3ROSUtQNzAvOHRhYnlpN2hWZzJUeU81eElQQwo3MWJoVzRNL1BYQ3dWVXZtRWMxQzc3M211S3lQMzN3dXFoWTM5NWVpSGN3SytHL09IL1gwa3pPZS8rb2NTYWc3CkYvdk5aN0c3Q3RzbDBBTjRJUFQ5cmtrek5vZlFkMXVST2pyeDkrUTZWSFN0cGU4Y2hmZS9ZSCswYXMrb09zT08KZDlDZ1lYajdiVWhYcWZCampsTnYzeFF4REdTV3VtRmZ5dGEwOU5STzRPbU5Qa3lGZjMvSGt6RmlSd05rVUxMeApiS0pIbTVYZENiMW1lMDg4MWlnNmx2Mlg1MWpCSzRkajZ5MUljaVh0UXBhR2NlM3BDR29sVDJRMTVaTnBKWWo0CkI4YVRCWGs0R1J4NDBrdXE2R1daanRRU2VFalBFVmY5LzZ0WFVyUFZ0TVhGS1VnYnZMUXVpUUFWdVRsMFYxWm4KeFRYS3Nlb245TEZnOVYvbFhxckFBdz09Ci0tLS0tRU5EIENFUlRJRklDQVRFLS0tLS0K"
              }
            ],
            "master_authorized_networks_config": [],
            "master_version": "1.28.7-gke.1026000",
            "mesh_certificates": [],
            "min_master_version": null,
            "monitoring_config": [
              {
                "enable_components": [
                  "SYSTEM_COMPONENTS"
                ],
                "managed_prometheus": [
                  {
                    "enabled": true
                  }
                ]
              }
            ],
            "monitoring_service": "monitoring.googleapis.com/kubernetes",
            "name": "main",
            "network": "projects/perceptive-bay-209210/global/networks/default",
            "network_policy": [
              {
                "enabled": false,
                "provider": "PROVIDER_UNSPECIFIED"
              }
            ],
            "networking_mode": "ROUTES",
            "node_config": [],
            "node_locations": [],
            "node_pool": [],
            "node_pool_defaults": [
              {
                "node_config_defaults": [
                  {
                    "logging_variant": "DEFAULT"
                  }
                ]
              }
            ],
            "node_version": "1.28.7-gke.1026000",
            "notification_config": [
              {
                "pubsub": [
                  {
                    "enabled": false,
                    "filter": [],
                    "topic": ""
                  }
                ]
              }
            ],
            "operation": null,
            "private_cluster_config": [
              {
                "enable_private_endpoint": false,
                "enable_private_nodes": false,
                "master_global_access_config": [
                  {
                    "enabled": false
                  }
                ],
                "master_ipv4_cidr_block": "",
                "peering_name": "",
                "private_endpoint": "10.128.0.11",
                "private_endpoint_subnetwork": "",
                "public_endpoint": "34.72.169.36"
              }
            ],
            "private_ipv6_google_access": "",
            "project": "perceptive-bay-209210",
            "release_channel": [
              {
                "channel": "REGULAR"
              }
            ],
            "remove_default_node_pool": null,
            "resource_labels": {},
            "resource_usage_export_config": [],
            "self_link": "https://container.googleapis.com/v1/projects/perceptive-bay-209210/zones/us-central1-c/clusters/main",
            "service_external_ips_config": [
              {
                "enabled": false
              }
            ],
            "services_ipv4_cidr": "10.3.240.0/20",
            "subnetwork": "projects/perceptive-bay-209210/regions/us-central1/subnetworks/default",
            "tpu_ipv4_cidr_block": "",
            "vertical_pod_autoscaling": [],
            "workload_identity_config": [
              {
                "workload_pool": "perceptive-bay-209210.svc.id.goog"
              }
            ]
          },
          "sensitive_attributes": []
        }
      ]
    }
  ],
  "check_results": null
}
